// !$*UTF8*$!
{
	archiveVersion = 1;
	classes = {
	};
	objectVersion = 56;
	objects = {

/* Begin PBXBuildFile section */
		A1B2C3D4E5F60001000A000E /* CheckpointStore.swift in Sources */ = {isa = PBXBuildFile; fileRef = A1B2C3D4E5F60002000A000D /* CheckpointStore.swift */; };
		A1B2C3D4E5F60001000A0001 /* RunApp.swift in Sources */ = {isa = PBXBuildFile; fileRef = A1B2C3D4E5F60002000A0001 /* RunApp.swift */; };
		A1B2C3D4E5F60001000A0002 /* ContentView.swift in Sources */ = {isa = PBXBuildFile; fileRef = A1B2C3D4E5F60002000A0002 /* ContentView.swift */; };
		A1B2C3D4E5F60001000A0003 /* WorkoutManager.swift in Sources */ = {isa = PBXBuildFile; fileRef = A1B2C3D4E5F60002000A0003 /* WorkoutManager.swift */; };
		A1B2C3D4E5F60001000A0005 /* RouteNavigator.swift in Sources */ = {isa = PBXBuildFile; fileRef = A1B2C3D4E5F60002000A0005 /* RouteNavigator.swift */; };
		A1B2C3D4E5F60001000A0006 /* WatchConnectivityManager.swift in Sources */ = {isa = PBXBuildFile; fileRef = A1B2C3D4E5F60002000A0006 /* WatchConnectivityManager.swift */; };
		A1B2C3D4E5F60001000A000B /* SupabaseService.swift in Sources */ = {isa = PBXBuildFile; fileRef = A1B2C3D4E5F60002000A0009 /* SupabaseService.swift */; };
		A1B2C3D4E5F60001000A000C /* AppTheme.swift in Sources */ = {isa = PBXBuildFile; fileRef = A1B2C3D4E5F60002000A000A /* AppTheme.swift */; };
		A1B2C3D4E5F60001000A000D /* HealthKitManager.swift in Sources */ = {isa = PBXBuildFile; fileRef = A1B2C3D4E5F60002000A000B /* HealthKitManager.swift */; };
		A1B2C3D4E5F60001000A000F /* ActiveRunBridge.swift in Sources */ = {isa = PBXBuildFile; fileRef = A1B2C3D4E5F60002000A000F /* ActiveRunBridge.swift */; };
		A1B2C3D4E5F60001000A0011 /* RunFormat.swift in Sources */ = {isa = PBXBuildFile; fileRef = A1B2C3D4E5F60002000A0011 /* RunFormat.swift */; };
		A1B2C3D4E5F60001000A0012 /* ArmedRoute.swift in Sources */ = {isa = PBXBuildFile; fileRef = A1B2C3D4E5F60002000A0012 /* ArmedRoute.swift */; };
		A1B2C3D4E5F60001000A0013 /* RunPayloadStorage.swift in Sources */ = {isa = PBXBuildFile; fileRef = A1B2C3D4E5F60002000A0013 /* RunPayloadStorage.swift */; };
		A1B2C3D4E5F60001000A0014 /* MiniMap.swift in Sources */ = {isa = PBXBuildFile; fileRef = A1B2C3D4E5F60002000A0014 /* MiniMap.swift */; };
		A1B2C3D4E5F60001000A0015 /* RunMiniMapView.swift in Sources */ = {isa = PBXBuildFile; fileRef = A1B2C3D4E5F60002000A0015 /* RunMiniMapView.swift */; };
		A1B2C3D4E5F60001000A0030 /* GpsHealth.swift in Sources */ = {isa = PBXBuildFile; fileRef = A1B2C3D4E5F60002000A0030 /* GpsHealth.swift */; };
		A1B2C3D4E5F60001000A0019 /* StartCountdown.swift in Sources */ = {isa = PBXBuildFile; fileRef = A1B2C3D4E5F60002000A0019 /* StartCountdown.swift */; };
		A1B2C3D4E5F60001000A001A /* HoldToStop.swift in Sources */ = {isa = PBXBuildFile; fileRef = A1B2C3D4E5F60002000A001A /* HoldToStop.swift */; };
		A1B2C3D4E5F60001000A0018 /* RunActivityType.swift in Sources */ = {isa = PBXBuildFile; fileRef = A1B2C3D4E5F60002000A0018 /* RunActivityType.swift */; };
		5164A17E0001000000000101 /* WatchAuth.swift in Sources */ = {isa = PBXBuildFile; fileRef = 5164A17E0002000000000101 /* WatchAuth.swift */; };
		5164A17E0001000000000102 /* SignInView.swift in Sources */ = {isa = PBXBuildFile; fileRef = 5164A17E0002000000000102 /* SignInView.swift */; };
		A1B2C3D4E5F60001000A0007 /* Assets.xcassets in Resources */ = {isa = PBXBuildFile; fileRef = A1B2C3D4E5F60002000A0007 /* Assets.xcassets */; };
		A1B2C3D4E5F60001000A0010 /* Localizable.xcstrings in Resources */ = {isa = PBXBuildFile; fileRef = A1B2C3D4E5F60002000A0010 /* Localizable.xcstrings */; };
		A1B2C3D4E5F60001000A0016 /* InfoPlist.xcstrings in Resources */ = {isa = PBXBuildFile; fileRef = A1B2C3D4E5F60002000A0016 /* InfoPlist.xcstrings */; };
		A1B2C3D4E5F60001000A0008 /* HealthKit.framework in Frameworks */ = {isa = PBXBuildFile; fileRef = A1B2C3D4E5F60003000A0001 /* HealthKit.framework */; };
		A1B2C3D4E5F60001000A0009 /* CoreLocation.framework in Frameworks */ = {isa = PBXBuildFile; fileRef = A1B2C3D4E5F60003000A0002 /* CoreLocation.framework */; };
		A1B2C3D4E5F60001000A000A /* WatchConnectivity.framework in Frameworks */ = {isa = PBXBuildFile; fileRef = A1B2C3D4E5F60003000A0003 /* WatchConnectivity.framework */; };
		B2C3D4E5F6A70001000B0001 /* RunFormatTests.swift in Sources */ = {isa = PBXBuildFile; fileRef = B2C3D4E5F6A70002000B0001 /* RunFormatTests.swift */; };
		B2C3D4E5F6A70001000B0002 /* ComplicationFormatterTests.swift in Sources */ = {isa = PBXBuildFile; fileRef = B2C3D4E5F6A70002000B0002 /* ComplicationFormatterTests.swift */; };
		B2C3D4E5F6A70001000B0003 /* ActiveRunBridgeTests.swift in Sources */ = {isa = PBXBuildFile; fileRef = B2C3D4E5F6A70002000B0003 /* ActiveRunBridgeTests.swift */; };
		B2C3D4E5F6A70001000B0004 /* RunCheckpointCodableTests.swift in Sources */ = {isa = PBXBuildFile; fileRef = B2C3D4E5F6A70002000B0004 /* RunCheckpointCodableTests.swift */; };
		B2C3D4E5F6A70001000B0005 /* CheckpointStoreTrackTests.swift in Sources */ = {isa = PBXBuildFile; fileRef = B2C3D4E5F6A70002000B0005 /* CheckpointStoreTrackTests.swift */; };
		B2C3D4E5F6A70001000B0006 /* WatchRunPayloadFixtureTests.swift in Sources */ = {isa = PBXBuildFile; fileRef = B2C3D4E5F6A70002000B0006 /* WatchRunPayloadFixtureTests.swift */; };
		B2C3D4E5F6A70001000B0007 /* WorkoutManagerTrackJSONTests.swift in Sources */ = {isa = PBXBuildFile; fileRef = B2C3D4E5F6A70002000B0007 /* WorkoutManagerTrackJSONTests.swift */; };
		B2C3D4E5F6A70001000B0008 /* WorkoutManagerRecoveryTests.swift in Sources */ = {isa = PBXBuildFile; fileRef = B2C3D4E5F6A70002000B0008 /* WorkoutManagerRecoveryTests.swift */; };
		B2C3D4E5F6A70001000B0009 /* TransferStateTests.swift in Sources */ = {isa = PBXBuildFile; fileRef = B2C3D4E5F6A70002000B0009 /* TransferStateTests.swift */; };
		B2C3D4E5F6A70001000B0010 /* WorkoutManagerDistanceTests.swift in Sources */ = {isa = PBXBuildFile; fileRef = B2C3D4E5F6A70002000B0010 /* WorkoutManagerDistanceTests.swift */; };
		B2C3D4E5F6A70001000B0011 /* RouteNavigatorTests.swift in Sources */ = {isa = PBXBuildFile; fileRef = B2C3D4E5F6A70002000B0011 /* RouteNavigatorTests.swift */; };
		B2C3D4E5F6A70001000B0012 /* ArmedRouteTests.swift in Sources */ = {isa = PBXBuildFile; fileRef = B2C3D4E5F6A70002000B0012 /* ArmedRouteTests.swift */; };
		B2C3D4E5F6A70001000B0013 /* RouteGuidanceTests.swift in Sources */ = {isa = PBXBuildFile; fileRef = B2C3D4E5F6A70002000B0013 /* RouteGuidanceTests.swift */; };
		B2C3D4E5F6A70001000B0014 /* MetadataRegistryTests.swift in Sources */ = {isa = PBXBuildFile; fileRef = B2C3D4E5F6A70002000B0014 /* MetadataRegistryTests.swift */; };
		B2C3D4E5F6A70001000B0015 /* RunPayloadStorageTests.swift in Sources */ = {isa = PBXBuildFile; fileRef = B2C3D4E5F6A70002000B0015 /* RunPayloadStorageTests.swift */; };
		B2C3D4E5F6A70001000B0017 /* HealthKitFailureTests.swift in Sources */ = {isa = PBXBuildFile; fileRef = B2C3D4E5F6A70002000B0017 /* HealthKitFailureTests.swift */; };
		B2C3D4E5F6A70001000B0016 /* WorkoutManagerPaceTests.swift in Sources */ = {isa = PBXBuildFile; fileRef = B2C3D4E5F6A70002000B0016 /* WorkoutManagerPaceTests.swift */; };
		B2C3D4E5F6A70001000B0018 /* MiniMapTests.swift in Sources */ = {isa = PBXBuildFile; fileRef = B2C3D4E5F6A70002000B0018 /* MiniMapTests.swift */; };
		B2C3D4E5F6A70001000B0019 /* WorkoutManagerMiniMapTests.swift in Sources */ = {isa = PBXBuildFile; fileRef = B2C3D4E5F6A70002000B0019 /* WorkoutManagerMiniMapTests.swift */; };
		B2C3D4E5F6A70001000B0030 /* GpsHealthTests.swift in Sources */ = {isa = PBXBuildFile; fileRef = B2C3D4E5F6A70002000B0030 /* GpsHealthTests.swift */; };
		A1B2C3D4E5F60001000A001B /* RunLaps.swift in Sources */ = {isa = PBXBuildFile; fileRef = A1B2C3D4E5F60002000A001B /* RunLaps.swift */; };
		A1B2C3D4E5F60001000A0017 /* Pedometer.swift in Sources */ = {isa = PBXBuildFile; fileRef = A1B2C3D4E5F60002000A0017 /* Pedometer.swift */; };
		B2C3D4E5F6A70001000B0020 /* RunLapsTests.swift in Sources */ = {isa = PBXBuildFile; fileRef = B2C3D4E5F6A70002000B0020 /* RunLapsTests.swift */; };
		B2C3D4E5F6A70001000B0021 /* PedometerTests.swift in Sources */ = {isa = PBXBuildFile; fileRef = B2C3D4E5F6A70002000B0021 /* PedometerTests.swift */; };
		B2C3D4E5F6A70001000B0024 /* StartCountdownTests.swift in Sources */ = {isa = PBXBuildFile; fileRef = B2C3D4E5F6A70002000B0024 /* StartCountdownTests.swift */; };
		B2C3D4E5F6A70001000B0025 /* HoldToStopTests.swift in Sources */ = {isa = PBXBuildFile; fileRef = B2C3D4E5F6A70002000B0025 /* HoldToStopTests.swift */; };
		B2C3D4E5F6A70001000B0022 /* RunActivityTypeTests.swift in Sources */ = {isa = PBXBuildFile; fileRef = B2C3D4E5F6A70002000B0022 /* RunActivityTypeTests.swift */; };
		B2C3D4E5F6A70001000B0023 /* ActivityTypeVocabularyTests.swift in Sources */ = {isa = PBXBuildFile; fileRef = B2C3D4E5F6A70002000B0023 /* ActivityTypeVocabularyTests.swift */; };
		C3D4E5F6A7B80001000C0001 /* ActiveRunComplication.swift in Sources */ = {isa = PBXBuildFile; fileRef = C3D4E5F6A7B80002000C0001 /* ActiveRunComplication.swift */; };
		C3D4E5F6A7B80001000C0002 /* ActiveRunBridge.swift in Sources */ = {isa = PBXBuildFile; fileRef = A1B2C3D4E5F60002000A000F /* ActiveRunBridge.swift */; };
		C3D4E5F6A7B80001000C0003 /* Localizable.xcstrings in Resources */ = {isa = PBXBuildFile; fileRef = A1B2C3D4E5F60002000A0010 /* Localizable.xcstrings */; };
		C3D4E5F6A7B80001000C0004 /* WidgetKit.framework in Frameworks */ = {isa = PBXBuildFile; fileRef = C3D4E5F6A7B80003000C0001 /* WidgetKit.framework */; };
		C3D4E5F6A7B80001000C0005 /* SwiftUI.framework in Frameworks */ = {isa = PBXBuildFile; fileRef = C3D4E5F6A7B80003000C0002 /* SwiftUI.framework */; };
		C3D4E5F6A7B80001000C0006 /* WatchAppComplication.appex in Embed Foundation Extensions */ = {isa = PBXBuildFile; fileRef = C3D4E5F6A7B80004000C0001 /* WatchAppComplication.appex */; settings = {ATTRIBUTES = (RemoveHeadersOnCopy, ); }; };
		5164A17E0001000000000103 /* WatchAuthTests.swift in Sources */ = {isa = PBXBuildFile; fileRef = 5164A17E0002000000000103 /* WatchAuthTests.swift */; };
/* End PBXBuildFile section */

/* Begin PBXFileReference section */
		A1B2C3D4E5F60002000A000D /* CheckpointStore.swift */ = {isa = PBXFileReference; lastKnownFileType = sourcecode.swift; path = CheckpointStore.swift; sourceTree = "<group>"; };
		A1B2C3D4E5F60002000A0001 /* RunApp.swift */ = {isa = PBXFileReference; lastKnownFileType = sourcecode.swift; path = RunApp.swift; sourceTree = "<group>"; };
		A1B2C3D4E5F60002000A0002 /* ContentView.swift */ = {isa = PBXFileReference; lastKnownFileType = sourcecode.swift; path = ContentView.swift; sourceTree = "<group>"; };
		A1B2C3D4E5F60002000A0003 /* WorkoutManager.swift */ = {isa = PBXFileReference; lastKnownFileType = sourcecode.swift; path = WorkoutManager.swift; sourceTree = "<group>"; };
		A1B2C3D4E5F60002000A0005 /* RouteNavigator.swift */ = {isa = PBXFileReference; lastKnownFileType = sourcecode.swift; path = RouteNavigator.swift; sourceTree = "<group>"; };
		A1B2C3D4E5F60002000A0006 /* WatchConnectivityManager.swift */ = {isa = PBXFileReference; lastKnownFileType = sourcecode.swift; path = WatchConnectivityManager.swift; sourceTree = "<group>"; };
		A1B2C3D4E5F60002000A0009 /* SupabaseService.swift */ = {isa = PBXFileReference; lastKnownFileType = sourcecode.swift; path = SupabaseService.swift; sourceTree = "<group>"; };
		A1B2C3D4E5F60002000A000A /* AppTheme.swift */ = {isa = PBXFileReference; lastKnownFileType = sourcecode.swift; path = AppTheme.swift; sourceTree = "<group>"; };
		A1B2C3D4E5F60002000A000B /* HealthKitManager.swift */ = {isa = PBXFileReference; lastKnownFileType = sourcecode.swift; path = HealthKitManager.swift; sourceTree = "<group>"; };
		A1B2C3D4E5F60002000A000F /* ActiveRunBridge.swift */ = {isa = PBXFileReference; lastKnownFileType = sourcecode.swift; path = ActiveRunBridge.swift; sourceTree = "<group>"; };
		A1B2C3D4E5F60002000A0010 /* Localizable.xcstrings */ = {isa = PBXFileReference; lastKnownFileType = text.json.xcstrings; path = Localizable.xcstrings; sourceTree = "<group>"; };
		A1B2C3D4E5F60002000A0016 /* InfoPlist.xcstrings */ = {isa = PBXFileReference; lastKnownFileType = text.json.xcstrings; path = InfoPlist.xcstrings; sourceTree = "<group>"; };
		A1B2C3D4E5F60002000A0011 /* RunFormat.swift */ = {isa = PBXFileReference; lastKnownFileType = sourcecode.swift; path = RunFormat.swift; sourceTree = "<group>"; };
		A1B2C3D4E5F60002000A0012 /* ArmedRoute.swift */ = {isa = PBXFileReference; lastKnownFileType = sourcecode.swift; path = ArmedRoute.swift; sourceTree = "<group>"; };
		A1B2C3D4E5F60002000A000C /* WatchApp.entitlements */ = {isa = PBXFileReference; lastKnownFileType = text.plist.entitlements; path = WatchApp.entitlements; sourceTree = "<group>"; };
		A1B2C3D4E5F60002000A0007 /* Assets.xcassets */ = {isa = PBXFileReference; lastKnownFileType = folder.assetcatalog; path = Assets.xcassets; sourceTree = "<group>"; };
		A1B2C3D4E5F60002000A0008 /* Info.plist */ = {isa = PBXFileReference; lastKnownFileType = text.plist.xml; path = Info.plist; sourceTree = "<group>"; };
		A1B2C3D4E5F60003000A0001 /* HealthKit.framework */ = {isa = PBXFileReference; lastKnownFileType = wrapper.framework; name = HealthKit.framework; path = System/Library/Frameworks/HealthKit.framework; sourceTree = SDKROOT; };
		A1B2C3D4E5F60003000A0002 /* CoreLocation.framework */ = {isa = PBXFileReference; lastKnownFileType = wrapper.framework; name = CoreLocation.framework; path = System/Library/Frameworks/CoreLocation.framework; sourceTree = SDKROOT; };
		A1B2C3D4E5F60003000A0003 /* WatchConnectivity.framework */ = {isa = PBXFileReference; lastKnownFileType = wrapper.framework; name = WatchConnectivity.framework; path = System/Library/Frameworks/WatchConnectivity.framework; sourceTree = SDKROOT; };
		A1B2C3D4E5F60004000A0001 /* WatchApp.app */ = {isa = PBXFileReference; explicitFileType = wrapper.application; includeInIndex = 0; path = WatchApp.app; sourceTree = BUILT_PRODUCTS_DIR; };
		B2C3D4E5F6A70002000B0001 /* RunFormatTests.swift */ = {isa = PBXFileReference; lastKnownFileType = sourcecode.swift; path = RunFormatTests.swift; sourceTree = "<group>"; };
		B2C3D4E5F6A70002000B0002 /* ComplicationFormatterTests.swift */ = {isa = PBXFileReference; lastKnownFileType = sourcecode.swift; path = ComplicationFormatterTests.swift; sourceTree = "<group>"; };
		B2C3D4E5F6A70002000B0003 /* ActiveRunBridgeTests.swift */ = {isa = PBXFileReference; lastKnownFileType = sourcecode.swift; path = ActiveRunBridgeTests.swift; sourceTree = "<group>"; };
		B2C3D4E5F6A70002000B0004 /* RunCheckpointCodableTests.swift */ = {isa = PBXFileReference; lastKnownFileType = sourcecode.swift; path = RunCheckpointCodableTests.swift; sourceTree = "<group>"; };
		B2C3D4E5F6A70002000B0005 /* CheckpointStoreTrackTests.swift */ = {isa = PBXFileReference; lastKnownFileType = sourcecode.swift; path = CheckpointStoreTrackTests.swift; sourceTree = "<group>"; };
		B2C3D4E5F6A70002000B0006 /* WatchRunPayloadFixtureTests.swift */ = {isa = PBXFileReference; lastKnownFileType = sourcecode.swift; path = WatchRunPayloadFixtureTests.swift; sourceTree = "<group>"; };
		B2C3D4E5F6A70002000B0007 /* WorkoutManagerTrackJSONTests.swift */ = {isa = PBXFileReference; lastKnownFileType = sourcecode.swift; path = WorkoutManagerTrackJSONTests.swift; sourceTree = "<group>"; };
		B2C3D4E5F6A70002000B0008 /* WorkoutManagerRecoveryTests.swift */ = {isa = PBXFileReference; lastKnownFileType = sourcecode.swift; path = WorkoutManagerRecoveryTests.swift; sourceTree = "<group>"; };
		B2C3D4E5F6A70002000B0009 /* TransferStateTests.swift */ = {isa = PBXFileReference; lastKnownFileType = sourcecode.swift; path = TransferStateTests.swift; sourceTree = "<group>"; };
		B2C3D4E5F6A70002000B0010 /* WorkoutManagerDistanceTests.swift */ = {isa = PBXFileReference; lastKnownFileType = sourcecode.swift; path = WorkoutManagerDistanceTests.swift; sourceTree = "<group>"; };
		B2C3D4E5F6A70002000B0011 /* RouteNavigatorTests.swift */ = {isa = PBXFileReference; lastKnownFileType = sourcecode.swift; path = RouteNavigatorTests.swift; sourceTree = "<group>"; };
		B2C3D4E5F6A70002000B0012 /* ArmedRouteTests.swift */ = {isa = PBXFileReference; lastKnownFileType = sourcecode.swift; path = ArmedRouteTests.swift; sourceTree = "<group>"; };
		B2C3D4E5F6A70002000B0013 /* RouteGuidanceTests.swift */ = {isa = PBXFileReference; lastKnownFileType = sourcecode.swift; path = RouteGuidanceTests.swift; sourceTree = "<group>"; };
		B2C3D4E5F6A70002000B0014 /* MetadataRegistryTests.swift */ = {isa = PBXFileReference; lastKnownFileType = sourcecode.swift; path = MetadataRegistryTests.swift; sourceTree = "<group>"; };
		A1B2C3D4E5F60002000A0013 /* RunPayloadStorage.swift */ = {isa = PBXFileReference; lastKnownFileType = sourcecode.swift; path = RunPayloadStorage.swift; sourceTree = "<group>"; };
		A1B2C3D4E5F60002000A0014 /* MiniMap.swift */ = {isa = PBXFileReference; lastKnownFileType = sourcecode.swift; path = MiniMap.swift; sourceTree = "<group>"; };
		A1B2C3D4E5F60002000A0015 /* RunMiniMapView.swift */ = {isa = PBXFileReference; lastKnownFileType = sourcecode.swift; path = RunMiniMapView.swift; sourceTree = "<group>"; };
		A1B2C3D4E5F60002000A0030 /* GpsHealth.swift */ = {isa = PBXFileReference; lastKnownFileType = sourcecode.swift; path = GpsHealth.swift; sourceTree = "<group>"; };
		A1B2C3D4E5F60002000A0019 /* StartCountdown.swift */ = {isa = PBXFileReference; lastKnownFileType = sourcecode.swift; path = StartCountdown.swift; sourceTree = "<group>"; };
		A1B2C3D4E5F60002000A001A /* HoldToStop.swift */ = {isa = PBXFileReference; lastKnownFileType = sourcecode.swift; path = HoldToStop.swift; sourceTree = "<group>"; };
		A1B2C3D4E5F60002000A0018 /* RunActivityType.swift */ = {isa = PBXFileReference; lastKnownFileType = sourcecode.swift; path = RunActivityType.swift; sourceTree = "<group>"; };
		5164A17E0002000000000101 /* WatchAuth.swift */ = {isa = PBXFileReference; lastKnownFileType = sourcecode.swift; path = WatchAuth.swift; sourceTree = "<group>"; };
		5164A17E0002000000000102 /* SignInView.swift */ = {isa = PBXFileReference; lastKnownFileType = sourcecode.swift; path = SignInView.swift; sourceTree = "<group>"; };
		B2C3D4E5F6A70002000B0015 /* RunPayloadStorageTests.swift */ = {isa = PBXFileReference; lastKnownFileType = sourcecode.swift; path = RunPayloadStorageTests.swift; sourceTree = "<group>"; };
		B2C3D4E5F6A70002000B0017 /* HealthKitFailureTests.swift */ = {isa = PBXFileReference; lastKnownFileType = sourcecode.swift; path = HealthKitFailureTests.swift; sourceTree = "<group>"; };
		B2C3D4E5F6A70002000B0016 /* WorkoutManagerPaceTests.swift */ = {isa = PBXFileReference; lastKnownFileType = sourcecode.swift; path = WorkoutManagerPaceTests.swift; sourceTree = "<group>"; };
		B2C3D4E5F6A70002000B0018 /* MiniMapTests.swift */ = {isa = PBXFileReference; lastKnownFileType = sourcecode.swift; path = MiniMapTests.swift; sourceTree = "<group>"; };
		B2C3D4E5F6A70002000B0019 /* WorkoutManagerMiniMapTests.swift */ = {isa = PBXFileReference; lastKnownFileType = sourcecode.swift; path = WorkoutManagerMiniMapTests.swift; sourceTree = "<group>"; };
		B2C3D4E5F6A70002000B0030 /* GpsHealthTests.swift */ = {isa = PBXFileReference; lastKnownFileType = sourcecode.swift; path = GpsHealthTests.swift; sourceTree = "<group>"; };
		A1B2C3D4E5F60002000A001B /* RunLaps.swift */ = {isa = PBXFileReference; lastKnownFileType = sourcecode.swift; path = RunLaps.swift; sourceTree = "<group>"; };
		A1B2C3D4E5F60002000A0017 /* Pedometer.swift */ = {isa = PBXFileReference; lastKnownFileType = sourcecode.swift; path = Pedometer.swift; sourceTree = "<group>"; };
		B2C3D4E5F6A70002000B0020 /* RunLapsTests.swift */ = {isa = PBXFileReference; lastKnownFileType = sourcecode.swift; path = RunLapsTests.swift; sourceTree = "<group>"; };
		B2C3D4E5F6A70002000B0021 /* PedometerTests.swift */ = {isa = PBXFileReference; lastKnownFileType = sourcecode.swift; path = PedometerTests.swift; sourceTree = "<group>"; };
		B2C3D4E5F6A70002000B0024 /* StartCountdownTests.swift */ = {isa = PBXFileReference; lastKnownFileType = sourcecode.swift; path = StartCountdownTests.swift; sourceTree = "<group>"; };
		B2C3D4E5F6A70002000B0025 /* HoldToStopTests.swift */ = {isa = PBXFileReference; lastKnownFileType = sourcecode.swift; path = HoldToStopTests.swift; sourceTree = "<group>"; };
		B2C3D4E5F6A70002000B0022 /* RunActivityTypeTests.swift */ = {isa = PBXFileReference; lastKnownFileType = sourcecode.swift; path = RunActivityTypeTests.swift; sourceTree = "<group>"; };
		B2C3D4E5F6A70002000B0023 /* ActivityTypeVocabularyTests.swift */ = {isa = PBXFileReference; lastKnownFileType = sourcecode.swift; path = ActivityTypeVocabularyTests.swift; sourceTree = "<group>"; };
		5164A17E0002000000000103 /* WatchAuthTests.swift */ = {isa = PBXFileReference; lastKnownFileType = sourcecode.swift; path = WatchAuthTests.swift; sourceTree = "<group>"; };
		B2C3D4E5F6A70004000B0001 /* WatchAppTests.xctest */ = {isa = PBXFileReference; explicitFileType = wrapper.cfbundle; includeInIndex = 0; path = WatchAppTests.xctest; sourceTree = BUILT_PRODUCTS_DIR; };
		C3D4E5F6A7B80002000C0001 /* ActiveRunComplication.swift */ = {isa = PBXFileReference; lastKnownFileType = sourcecode.swift; path = ActiveRunComplication.swift; sourceTree = "<group>"; };
		C3D4E5F6A7B80002000C0002 /* Info.plist */ = {isa = PBXFileReference; lastKnownFileType = text.plist.xml; path = Info.plist; sourceTree = "<group>"; };
		C3D4E5F6A7B80002000C0003 /* WatchAppComplication.entitlements */ = {isa = PBXFileReference; lastKnownFileType = text.plist.entitlements; path = WatchAppComplication.entitlements; sourceTree = "<group>"; };
		C3D4E5F6A7B80003000C0001 /* WidgetKit.framework */ = {isa = PBXFileReference; lastKnownFileType = wrapper.framework; name = WidgetKit.framework; path = System/Library/Frameworks/WidgetKit.framework; sourceTree = SDKROOT; };
		C3D4E5F6A7B80003000C0002 /* SwiftUI.framework */ = {isa = PBXFileReference; lastKnownFileType = wrapper.framework; name = SwiftUI.framework; path = System/Library/Frameworks/SwiftUI.framework; sourceTree = SDKROOT; };
		C3D4E5F6A7B80004000C0001 /* WatchAppComplication.appex */ = {isa = PBXFileReference; explicitFileType = "wrapper.app-extension"; includeInIndex = 0; path = WatchAppComplication.appex; sourceTree = BUILT_PRODUCTS_DIR; };
/* End PBXFileReference section */

/* Begin PBXCopyFilesBuildPhase section */
		C3D4E5F6A7B80008000C0003 /* Embed Foundation Extensions */ = {
			isa = PBXCopyFilesBuildPhase;
			buildActionMask = 2147483647;
			dstPath = "";
			dstSubfolderSpec = 13;
			files = (
				C3D4E5F6A7B80001000C0006 /* WatchAppComplication.appex in Embed Foundation Extensions */,
			);
			name = "Embed Foundation Extensions";
			runOnlyForDeploymentPostprocessing = 0;
		};
/* End PBXCopyFilesBuildPhase section */

/* Begin PBXFrameworksBuildPhase section */
		A1B2C3D4E5F60005000A0001 /* Frameworks */ = {
			isa = PBXFrameworksBuildPhase;
			buildActionMask = 2147483647;
			files = (
				A1B2C3D4E5F60001000A0008 /* HealthKit.framework in Frameworks */,
				A1B2C3D4E5F60001000A0009 /* CoreLocation.framework in Frameworks */,
				A1B2C3D4E5F60001000A000A /* WatchConnectivity.framework in Frameworks */,
			);
			runOnlyForDeploymentPostprocessing = 0;
		};
		B2C3D4E5F6A70008000B0002 /* Frameworks */ = {
			isa = PBXFrameworksBuildPhase;
			buildActionMask = 2147483647;
			files = (
			);
			runOnlyForDeploymentPostprocessing = 0;
		};
		C3D4E5F6A7B80005000C0001 /* Frameworks */ = {
			isa = PBXFrameworksBuildPhase;
			buildActionMask = 2147483647;
			files = (
				C3D4E5F6A7B80001000C0004 /* WidgetKit.framework in Frameworks */,
				C3D4E5F6A7B80001000C0005 /* SwiftUI.framework in Frameworks */,
			);
			runOnlyForDeploymentPostprocessing = 0;
		};
/* End PBXFrameworksBuildPhase section */

/* Begin PBXGroup section */
		A1B2C3D4E5F60006000A0001 = {
			isa = PBXGroup;
			children = (
				A1B2C3D4E5F60006000A0002 /* WatchApp */,
				B2C3D4E5F6A70006000B0001 /* WatchAppTests */,
				C3D4E5F6A7B80006000C0001 /* Complications */,
				A1B2C3D4E5F60006000A0003 /* Frameworks */,
				A1B2C3D4E5F60006000A0004 /* Products */,
			);
			sourceTree = "<group>";
		};
		B2C3D4E5F6A70006000B0001 /* WatchAppTests */ = {
			isa = PBXGroup;
			children = (
				B2C3D4E5F6A70002000B0001 /* RunFormatTests.swift */,
				B2C3D4E5F6A70002000B0002 /* ComplicationFormatterTests.swift */,
				B2C3D4E5F6A70002000B0003 /* ActiveRunBridgeTests.swift */,
				B2C3D4E5F6A70002000B0004 /* RunCheckpointCodableTests.swift */,
				B2C3D4E5F6A70002000B0005 /* CheckpointStoreTrackTests.swift */,
				B2C3D4E5F6A70002000B0006 /* WatchRunPayloadFixtureTests.swift */,
				B2C3D4E5F6A70002000B0007 /* WorkoutManagerTrackJSONTests.swift */,
				B2C3D4E5F6A70002000B0008 /* WorkoutManagerRecoveryTests.swift */,
				B2C3D4E5F6A70002000B0009 /* TransferStateTests.swift */,
				B2C3D4E5F6A70002000B0010 /* WorkoutManagerDistanceTests.swift */,
				B2C3D4E5F6A70002000B0011 /* RouteNavigatorTests.swift */,
				B2C3D4E5F6A70002000B0012 /* ArmedRouteTests.swift */,
				B2C3D4E5F6A70002000B0013 /* RouteGuidanceTests.swift */,
				B2C3D4E5F6A70002000B0014 /* MetadataRegistryTests.swift */,
				B2C3D4E5F6A70002000B0015 /* RunPayloadStorageTests.swift */,
				B2C3D4E5F6A70002000B0017 /* HealthKitFailureTests.swift */,
				B2C3D4E5F6A70002000B0016 /* WorkoutManagerPaceTests.swift */,
				B2C3D4E5F6A70002000B0018 /* MiniMapTests.swift */,
				B2C3D4E5F6A70002000B0019 /* WorkoutManagerMiniMapTests.swift */,
				B2C3D4E5F6A70002000B0030 /* GpsHealthTests.swift */,
				B2C3D4E5F6A70002000B0020 /* RunLapsTests.swift */,
				B2C3D4E5F6A70002000B0021 /* PedometerTests.swift */,
				B2C3D4E5F6A70002000B0024 /* StartCountdownTests.swift */,
				B2C3D4E5F6A70002000B0025 /* HoldToStopTests.swift */,
				B2C3D4E5F6A70002000B0022 /* RunActivityTypeTests.swift */,
				B2C3D4E5F6A70002000B0023 /* ActivityTypeVocabularyTests.swift */,
				5164A17E0002000000000103 /* WatchAuthTests.swift */,
			);
			path = WatchAppTests;
			sourceTree = "<group>";
		};
		A1B2C3D4E5F60006000A0002 /* WatchApp */ = {
			isa = PBXGroup;
			children = (
				A1B2C3D4E5F60002000A000D /* CheckpointStore.swift */,
				A1B2C3D4E5F60002000A0013 /* RunPayloadStorage.swift */,
				A1B2C3D4E5F60002000A0001 /* RunApp.swift */,
				A1B2C3D4E5F60002000A0002 /* ContentView.swift */,
				A1B2C3D4E5F60002000A0003 /* WorkoutManager.swift */,
				A1B2C3D4E5F60002000A0005 /* RouteNavigator.swift */,
				A1B2C3D4E5F60002000A0014 /* MiniMap.swift */,
				A1B2C3D4E5F60002000A0015 /* RunMiniMapView.swift */,
				A1B2C3D4E5F60002000A0030 /* GpsHealth.swift */,
				A1B2C3D4E5F60002000A0019 /* StartCountdown.swift */,
				A1B2C3D4E5F60002000A001A /* HoldToStop.swift */,
				A1B2C3D4E5F60002000A0018 /* RunActivityType.swift */,
				5164A17E0002000000000101 /* WatchAuth.swift */,
				5164A17E0002000000000102 /* SignInView.swift */,
				A1B2C3D4E5F60002000A0012 /* ArmedRoute.swift */,
				A1B2C3D4E5F60002000A0006 /* WatchConnectivityManager.swift */,
				A1B2C3D4E5F60002000A0009 /* SupabaseService.swift */,
				A1B2C3D4E5F60002000A000A /* AppTheme.swift */,
				A1B2C3D4E5F60002000A000B /* HealthKitManager.swift */,
				A1B2C3D4E5F60002000A000F /* ActiveRunBridge.swift */,
				A1B2C3D4E5F60002000A0011 /* RunFormat.swift */,
				A1B2C3D4E5F60002000A001B /* RunLaps.swift */,
				A1B2C3D4E5F60002000A0017 /* Pedometer.swift */,
				A1B2C3D4E5F60002000A0010 /* Localizable.xcstrings */,
				A1B2C3D4E5F60002000A0016 /* InfoPlist.xcstrings */,
				A1B2C3D4E5F60002000A0007 /* Assets.xcassets */,
				A1B2C3D4E5F60002000A0008 /* Info.plist */,
				A1B2C3D4E5F60002000A000C /* WatchApp.entitlements */,
			);
			path = WatchApp;
			sourceTree = "<group>";
		};
		A1B2C3D4E5F60006000A0003 /* Frameworks */ = {
			isa = PBXGroup;
			children = (
				A1B2C3D4E5F60003000A0001 /* HealthKit.framework */,
				A1B2C3D4E5F60003000A0002 /* CoreLocation.framework */,
				A1B2C3D4E5F60003000A0003 /* WatchConnectivity.framework */,
				C3D4E5F6A7B80003000C0001 /* WidgetKit.framework */,
				C3D4E5F6A7B80003000C0002 /* SwiftUI.framework */,
			);
			name = Frameworks;
			sourceTree = "<group>";
		};
		A1B2C3D4E5F60006000A0004 /* Products */ = {
			isa = PBXGroup;
			children = (
				A1B2C3D4E5F60004000A0001 /* WatchApp.app */,
				B2C3D4E5F6A70004000B0001 /* WatchAppTests.xctest */,
				C3D4E5F6A7B80004000C0001 /* WatchAppComplication.appex */,
			);
			name = Products;
			sourceTree = "<group>";
		};
		C3D4E5F6A7B80006000C0001 /* Complications */ = {
			isa = PBXGroup;
			children = (
				C3D4E5F6A7B80002000C0001 /* ActiveRunComplication.swift */,
				C3D4E5F6A7B80002000C0002 /* Info.plist */,
				C3D4E5F6A7B80002000C0003 /* WatchAppComplication.entitlements */,
			);
			path = Complications;
			sourceTree = "<group>";
		};
/* End PBXGroup section */

/* Begin PBXNativeTarget section */
		A1B2C3D4E5F60007000A0001 /* WatchApp */ = {
			isa = PBXNativeTarget;
			buildConfigurationList = A1B2C3D4E5F60009000A0003 /* Build configuration list for PBXNativeTarget "WatchApp" */;
			buildPhases = (
				A1B2C3D4E5F60008000A0001 /* Sources */,
				A1B2C3D4E5F60005000A0001 /* Frameworks */,
				A1B2C3D4E5F60008000A0002 /* Resources */,
				C3D4E5F6A7B80008000C0003 /* Embed Foundation Extensions */,
			);
			buildRules = (
			);
			dependencies = (
				C3D4E5F6A7B8000C000C0001 /* PBXTargetDependency */,
			);
			name = WatchApp;
			productName = WatchApp;
			productReference = A1B2C3D4E5F60004000A0001 /* WatchApp.app */;
			productType = "com.apple.product-type.application";
		};
		B2C3D4E5F6A70007000B0001 /* WatchAppTests */ = {
			isa = PBXNativeTarget;
			buildConfigurationList = B2C3D4E5F6A70009000B0003 /* Build configuration list for PBXNativeTarget "WatchAppTests" */;
			buildPhases = (
				B2C3D4E5F6A70008000B0001 /* Sources */,
				B2C3D4E5F6A70008000B0002 /* Frameworks */,
				B2C3D4E5F6A70008000B0003 /* Resources */,
			);
			buildRules = (
			);
			dependencies = (
				B2C3D4E5F6A7000C000B0001 /* PBXTargetDependency */,
			);
			name = WatchAppTests;
			productName = WatchAppTests;
			productReference = B2C3D4E5F6A70004000B0001 /* WatchAppTests.xctest */;
			productType = "com.apple.product-type.bundle.unit-test";
		};
		C3D4E5F6A7B80007000C0001 /* WatchAppComplication */ = {
			isa = PBXNativeTarget;
			buildConfigurationList = C3D4E5F6A7B80009000C0003 /* Build configuration list for PBXNativeTarget "WatchAppComplication" */;
			buildPhases = (
				C3D4E5F6A7B80008000C0001 /* Sources */,
				C3D4E5F6A7B80005000C0001 /* Frameworks */,
				C3D4E5F6A7B80008000C0002 /* Resources */,
			);
			buildRules = (
			);
			dependencies = (
			);
			name = WatchAppComplication;
			productName = WatchAppComplication;
			productReference = C3D4E5F6A7B80004000C0001 /* WatchAppComplication.appex */;
			productType = "com.apple.product-type.app-extension";
		};
/* End PBXNativeTarget section */

/* Begin PBXContainerItemProxy section */
		B2C3D4E5F6A7000D000B0001 /* PBXContainerItemProxy */ = {
			isa = PBXContainerItemProxy;
			containerPortal = A1B2C3D4E5F60006000A0005 /* Project object */;
			proxyType = 1;
			remoteGlobalIDString = A1B2C3D4E5F60007000A0001;
			remoteInfo = WatchApp;
		};
		C3D4E5F6A7B8000D000C0001 /* PBXContainerItemProxy */ = {
			isa = PBXContainerItemProxy;
			containerPortal = A1B2C3D4E5F60006000A0005 /* Project object */;
			proxyType = 1;
			remoteGlobalIDString = C3D4E5F6A7B80007000C0001;
			remoteInfo = WatchAppComplication;
		};
/* End PBXContainerItemProxy section */

/* Begin PBXTargetDependency section */
		B2C3D4E5F6A7000C000B0001 /* PBXTargetDependency */ = {
			isa = PBXTargetDependency;
			target = A1B2C3D4E5F60007000A0001 /* WatchApp */;
			targetProxy = B2C3D4E5F6A7000D000B0001 /* PBXContainerItemProxy */;
		};
		C3D4E5F6A7B8000C000C0001 /* PBXTargetDependency */ = {
			isa = PBXTargetDependency;
			target = C3D4E5F6A7B80007000C0001 /* WatchAppComplication */;
			targetProxy = C3D4E5F6A7B8000D000C0001 /* PBXContainerItemProxy */;
		};
/* End PBXTargetDependency section */

/* Begin PBXProject section */
		A1B2C3D4E5F60006000A0005 /* Project object */ = {
			isa = PBXProject;
			attributes = {
				BuildIndependentTargetsInParallel = 1;
				LastSwiftUpdateCheck = 1500;
				LastUpgradeCheck = 1500;
				ORGANIZATIONNAME = RunApp;
				TargetAttributes = {
					A1B2C3D4E5F60007000A0001 = {
						CreatedOnToolsVersion = 15.0;
					};
					B2C3D4E5F6A70007000B0001 = {
						CreatedOnToolsVersion = 15.0;
						TestTargetID = A1B2C3D4E5F60007000A0001;
					};
					C3D4E5F6A7B80007000C0001 = {
						CreatedOnToolsVersion = 26.4;
					};
				};
			};
			buildConfigurationList = A1B2C3D4E5F60009000A0001 /* Build configuration list for PBXProject "WatchApp" */;
			compatibilityVersion = "Xcode 14.0";
			developmentRegion = en;
			hasScannedForEncodings = 0;
			knownRegions = (
				en,
				Base,
				de,
				fr,
				es,
				ja,
				"pt-BR",
				"pt-PT",
			);
			mainGroup = A1B2C3D4E5F60006000A0001;
			productRefGroup = A1B2C3D4E5F60006000A0004 /* Products */;
			projectDirPath = "";
			projectRoot = "";
			targets = (
				A1B2C3D4E5F60007000A0001 /* WatchApp */,
				B2C3D4E5F6A70007000B0001 /* WatchAppTests */,
				C3D4E5F6A7B80007000C0001 /* WatchAppComplication */,
			);
		};
/* End PBXProject section */

/* Begin PBXResourcesBuildPhase section */
		A1B2C3D4E5F60008000A0002 /* Resources */ = {
			isa = PBXResourcesBuildPhase;
			buildActionMask = 2147483647;
			files = (
				A1B2C3D4E5F60001000A0007 /* Assets.xcassets in Resources */,
				A1B2C3D4E5F60001000A0010 /* Localizable.xcstrings in Resources */,
				A1B2C3D4E5F60001000A0016 /* InfoPlist.xcstrings in Resources */,
			);
			runOnlyForDeploymentPostprocessing = 0;
		};
		B2C3D4E5F6A70008000B0003 /* Resources */ = {
			isa = PBXResourcesBuildPhase;
			buildActionMask = 2147483647;
			files = (
			);
			runOnlyForDeploymentPostprocessing = 0;
		};
		C3D4E5F6A7B80008000C0002 /* Resources */ = {
			isa = PBXResourcesBuildPhase;
			buildActionMask = 2147483647;
			files = (
				C3D4E5F6A7B80001000C0003 /* Localizable.xcstrings in Resources */,
			);
			runOnlyForDeploymentPostprocessing = 0;
		};
/* End PBXResourcesBuildPhase section */

/* Begin PBXSourcesBuildPhase section */
		A1B2C3D4E5F60008000A0001 /* Sources */ = {
			isa = PBXSourcesBuildPhase;
			buildActionMask = 2147483647;
			files = (
				A1B2C3D4E5F60001000A000E /* CheckpointStore.swift in Sources */,
				A1B2C3D4E5F60001000A0013 /* RunPayloadStorage.swift in Sources */,
				A1B2C3D4E5F60001000A0001 /* RunApp.swift in Sources */,
				A1B2C3D4E5F60001000A0002 /* ContentView.swift in Sources */,
				A1B2C3D4E5F60001000A0003 /* WorkoutManager.swift in Sources */,
				A1B2C3D4E5F60001000A0005 /* RouteNavigator.swift in Sources */,
				A1B2C3D4E5F60001000A0014 /* MiniMap.swift in Sources */,
				A1B2C3D4E5F60001000A0015 /* RunMiniMapView.swift in Sources */,
				A1B2C3D4E5F60001000A0030 /* GpsHealth.swift in Sources */,
				A1B2C3D4E5F60001000A0019 /* StartCountdown.swift in Sources */,
				A1B2C3D4E5F60001000A001A /* HoldToStop.swift in Sources */,
				A1B2C3D4E5F60001000A0018 /* RunActivityType.swift in Sources */,
				A1B2C3D4E5F60001000A0006 /* WatchConnectivityManager.swift in Sources */,
				A1B2C3D4E5F60001000A000B /* SupabaseService.swift in Sources */,
				A1B2C3D4E5F60001000A000C /* AppTheme.swift in Sources */,
				A1B2C3D4E5F60001000A000D /* HealthKitManager.swift in Sources */,
				A1B2C3D4E5F60001000A000F /* ActiveRunBridge.swift in Sources */,
				A1B2C3D4E5F60001000A0011 /* RunFormat.swift in Sources */,
				A1B2C3D4E5F60001000A001B /* RunLaps.swift in Sources */,
				A1B2C3D4E5F60001000A0017 /* Pedometer.swift in Sources */,
				A1B2C3D4E5F60001000A0012 /* ArmedRoute.swift in Sources */,
				5164A17E0001000000000101 /* WatchAuth.swift in Sources */,
				5164A17E0001000000000102 /* SignInView.swift in Sources */,
			);
			runOnlyForDeploymentPostprocessing = 0;
		};
		B2C3D4E5F6A70008000B0001 /* Sources */ = {
			isa = PBXSourcesBuildPhase;
			buildActionMask = 2147483647;
			files = (
				B2C3D4E5F6A70001000B0001 /* RunFormatTests.swift in Sources */,
				B2C3D4E5F6A70001000B0002 /* ComplicationFormatterTests.swift in Sources */,
				B2C3D4E5F6A70001000B0003 /* ActiveRunBridgeTests.swift in Sources */,
				B2C3D4E5F6A70001000B0004 /* RunCheckpointCodableTests.swift in Sources */,
				B2C3D4E5F6A70001000B0005 /* CheckpointStoreTrackTests.swift in Sources */,
				B2C3D4E5F6A70001000B0006 /* WatchRunPayloadFixtureTests.swift in Sources */,
				B2C3D4E5F6A70001000B0007 /* WorkoutManagerTrackJSONTests.swift in Sources */,
				B2C3D4E5F6A70001000B0008 /* WorkoutManagerRecoveryTests.swift in Sources */,
				B2C3D4E5F6A70001000B0009 /* TransferStateTests.swift in Sources */,
				B2C3D4E5F6A70001000B0010 /* WorkoutManagerDistanceTests.swift in Sources */,
				B2C3D4E5F6A70001000B0011 /* RouteNavigatorTests.swift in Sources */,
				B2C3D4E5F6A70001000B0012 /* ArmedRouteTests.swift in Sources */,
				B2C3D4E5F6A70001000B0013 /* RouteGuidanceTests.swift in Sources */,
				B2C3D4E5F6A70001000B0014 /* MetadataRegistryTests.swift in Sources */,
				B2C3D4E5F6A70001000B0015 /* RunPayloadStorageTests.swift in Sources */,
				B2C3D4E5F6A70001000B0017 /* HealthKitFailureTests.swift in Sources */,
				B2C3D4E5F6A70001000B0016 /* WorkoutManagerPaceTests.swift in Sources */,
				B2C3D4E5F6A70001000B0018 /* MiniMapTests.swift in Sources */,
				B2C3D4E5F6A70001000B0019 /* WorkoutManagerMiniMapTests.swift in Sources */,
				B2C3D4E5F6A70001000B0030 /* GpsHealthTests.swift in Sources */,
				B2C3D4E5F6A70001000B0020 /* RunLapsTests.swift in Sources */,
				B2C3D4E5F6A70001000B0021 /* PedometerTests.swift in Sources */,
				B2C3D4E5F6A70001000B0024 /* StartCountdownTests.swift in Sources */,
				B2C3D4E5F6A70001000B0025 /* HoldToStopTests.swift in Sources */,
				B2C3D4E5F6A70001000B0022 /* RunActivityTypeTests.swift in Sources */,
				B2C3D4E5F6A70001000B0023 /* ActivityTypeVocabularyTests.swift in Sources */,
				5164A17E0001000000000103 /* WatchAuthTests.swift in Sources */,
			);
			runOnlyForDeploymentPostprocessing = 0;
		};
		C3D4E5F6A7B80008000C0001 /* Sources */ = {
			isa = PBXSourcesBuildPhase;
			buildActionMask = 2147483647;
			files = (
				C3D4E5F6A7B80001000C0001 /* ActiveRunComplication.swift in Sources */,
				C3D4E5F6A7B80001000C0002 /* ActiveRunBridge.swift in Sources */,
			);
			runOnlyForDeploymentPostprocessing = 0;
		};
/* End PBXSourcesBuildPhase section */

/* Begin XCBuildConfiguration section */
		A1B2C3D4E5F60009000A0002 /* Debug */ = {
			isa = XCBuildConfiguration;
			buildSettings = {
				ALWAYS_SEARCH_USER_PATHS = NO;
				ASSETCATALOG_COMPILER_GENERATE_SWIFT_ASSET_SYMBOL_EXTENSIONS = YES;
				CLANG_ANALYZER_NONNULL = YES;
				CLANG_ANALYZER_NUMBER_OBJECT_CONVERSION = YES_AGGRESSIVE;
				CLANG_CXX_LANGUAGE_STANDARD = "gnu++20";
				CLANG_ENABLE_MODULES = YES;
				CLANG_ENABLE_OBJC_ARC = YES;
				CLANG_ENABLE_OBJC_WEAK = YES;
				CLANG_WARN_BLOCK_CAPTURE_AUTORELEASING = YES;
				CLANG_WARN_BOOL_CONVERSION = YES;
				CLANG_WARN_COMMA = YES;
				CLANG_WARN_CONSTANT_CONVERSION = YES;
				CLANG_WARN_DEPRECATED_OBJC_IMPLEMENTATIONS = YES;
				CLANG_WARN_DIRECT_OBJC_ISA_USAGE = YES_ERROR;
				CLANG_WARN_DOCUMENTATION_COMMENTS = YES;
				CLANG_WARN_EMPTY_BODY = YES;
				CLANG_WARN_ENUM_CONVERSION = YES;
				CLANG_WARN_INFINITE_RECURSION = YES;
				CLANG_WARN_INT_CONVERSION = YES;
				CLANG_WARN_NON_LITERAL_NULL_CONVERSION = YES;
				CLANG_WARN_OBJC_IMPLICIT_RETAIN_SELF = YES;
				CLANG_WARN_OBJC_LITERAL_CONVERSION = YES;
				CLANG_WARN_OBJC_ROOT_CLASS = YES_ERROR;
				CLANG_WARN_QUOTED_INCLUDE_IN_FRAMEWORK_HEADER = YES;
				CLANG_WARN_RANGE_LOOP_ANALYSIS = YES;
				CLANG_WARN_STRICT_PROTOTYPES = YES;
				CLANG_WARN_SUSPICIOUS_MOVE = YES;
				CLANG_WARN_UNGUARDED_AVAILABILITY = YES_AGGRESSIVE;
				CLANG_WARN_UNREACHABLE_CODE = YES;
				CLANG_WARN__DUPLICATE_METHOD_MATCH = YES;
				COPY_PHASE_STRIP = NO;
				DEBUG_INFORMATION_FORMAT = dwarf;
				ENABLE_STRICT_OBJC_MSGSEND = YES;
				ENABLE_TESTABILITY = YES;
				ENABLE_USER_SCRIPT_SANDBOXING = YES;
				GCC_C_LANGUAGE_STANDARD = gnu17;
				GCC_DYNAMIC_NO_PIC = NO;
				GCC_NO_COMMON_BLOCKS = YES;
				GCC_OPTIMIZATION_LEVEL = 0;
				GCC_PREPROCESSOR_DEFINITIONS = (
					"DEBUG=1",
					"$(inherited)",
				);
				GCC_WARN_64_TO_32_BIT_CONVERSION = YES;
				GCC_WARN_ABOUT_RETURN_TYPE = YES_ERROR;
				GCC_WARN_UNDECLARED_SELECTOR = YES;
				GCC_WARN_UNINITIALIZED_AUTOS = YES_AGGRESSIVE;
				GCC_WARN_UNUSED_FUNCTION = YES;
				GCC_WARN_UNUSED_VARIABLE = YES;
				MTL_ENABLE_DEBUG_INFO = INCLUDE_SOURCE;
				MTL_FAST_MATH = YES;
				ONLY_ACTIVE_ARCH = YES;
				SWIFT_ACTIVE_COMPILATION_CONDITIONS = "DEBUG $(inherited)";
				SWIFT_OPTIMIZATION_LEVEL = "-Onone";
				SWIFT_VERSION = 5.0;
				WATCHOS_DEPLOYMENT_TARGET = 10.0;
			};
			name = Debug;
		};
		A1B2C3D4E5F6000A000A0002 /* Release */ = {
			isa = XCBuildConfiguration;
			buildSettings = {
				ALWAYS_SEARCH_USER_PATHS = NO;
				ASSETCATALOG_COMPILER_GENERATE_SWIFT_ASSET_SYMBOL_EXTENSIONS = YES;
				CLANG_ANALYZER_NONNULL = YES;
				CLANG_ANALYZER_NUMBER_OBJECT_CONVERSION = YES_AGGRESSIVE;
				CLANG_CXX_LANGUAGE_STANDARD = "gnu++20";
				CLANG_ENABLE_MODULES = YES;
				CLANG_ENABLE_OBJC_ARC = YES;
				CLANG_ENABLE_OBJC_WEAK = YES;
				CLANG_WARN_BLOCK_CAPTURE_AUTORELEASING = YES;
				CLANG_WARN_BOOL_CONVERSION = YES;
				CLANG_WARN_COMMA = YES;
				CLANG_WARN_CONSTANT_CONVERSION = YES;
				CLANG_WARN_DEPRECATED_OBJC_IMPLEMENTATIONS = YES;
				CLANG_WARN_DIRECT_OBJC_ISA_USAGE = YES_ERROR;
				CLANG_WARN_DOCUMENTATION_COMMENTS = YES;
				CLANG_WARN_EMPTY_BODY = YES;
				CLANG_WARN_ENUM_CONVERSION = YES;
				CLANG_WARN_INFINITE_RECURSION = YES;
				CLANG_WARN_INT_CONVERSION = YES;
				CLANG_WARN_NON_LITERAL_NULL_CONVERSION = YES;
				CLANG_WARN_OBJC_IMPLICIT_RETAIN_SELF = YES;
				CLANG_WARN_OBJC_LITERAL_CONVERSION = YES;
				CLANG_WARN_OBJC_ROOT_CLASS = YES_ERROR;
				CLANG_WARN_QUOTED_INCLUDE_IN_FRAMEWORK_HEADER = YES;
				CLANG_WARN_RANGE_LOOP_ANALYSIS = YES;
				CLANG_WARN_STRICT_PROTOTYPES = YES;
				CLANG_WARN_SUSPICIOUS_MOVE = YES;
				CLANG_WARN_UNGUARDED_AVAILABILITY = YES_AGGRESSIVE;
				CLANG_WARN_UNREACHABLE_CODE = YES;
				CLANG_WARN__DUPLICATE_METHOD_MATCH = YES;
				COPY_PHASE_STRIP = NO;
				DEBUG_INFORMATION_FORMAT = "dwarf-with-dsym";
				ENABLE_NS_ASSERTIONS = NO;
				ENABLE_STRICT_OBJC_MSGSEND = YES;
				ENABLE_USER_SCRIPT_SANDBOXING = YES;
				GCC_C_LANGUAGE_STANDARD = gnu17;
				GCC_NO_COMMON_BLOCKS = YES;
				GCC_WARN_64_TO_32_BIT_CONVERSION = YES;
				GCC_WARN_ABOUT_RETURN_TYPE = YES_ERROR;
				GCC_WARN_UNDECLARED_SELECTOR = YES;
				GCC_WARN_UNINITIALIZED_AUTOS = YES_AGGRESSIVE;
				GCC_WARN_UNUSED_FUNCTION = YES;
				GCC_WARN_UNUSED_VARIABLE = YES;
				MTL_ENABLE_DEBUG_INFO = NO;
				MTL_FAST_MATH = YES;
				SWIFT_COMPILATION_MODE = wholemodule;
				SWIFT_VERSION = 5.0;
				WATCHOS_DEPLOYMENT_TARGET = 10.0;
			};
			name = Release;
		};
		A1B2C3D4E5F60009000A0004 /* Debug */ = {
			isa = XCBuildConfiguration;
			buildSettings = {
				ASSETCATALOG_COMPILER_APPICON_NAME = AppIcon;
				ASSETCATALOG_COMPILER_GLOBAL_ACCENT_COLOR_NAME = AccentColor;
				CODE_SIGN_ENTITLEMENTS = WatchApp/WatchApp.entitlements;
				CODE_SIGN_STYLE = Automatic;
				CURRENT_PROJECT_VERSION = 1;
				DEVELOPMENT_ASSET_PATHS = "";
				ENABLE_PREVIEWS = YES;
				GENERATE_INFOPLIST_FILE = NO;
				INFOPLIST_FILE = WatchApp/Info.plist;
				LD_RUNPATH_SEARCH_PATHS = (
					"$(inherited)",
					"@executable_path/Frameworks",
				);
				MARKETING_VERSION = 1.0;
				PRODUCT_BUNDLE_IDENTIFIER = com.threkir.app.watchapp;
				PRODUCT_NAME = "$(TARGET_NAME)";
				SDKROOT = watchos;
				SKIP_INSTALL = YES;
				SWIFT_EMIT_LOC_STRINGS = YES;
				SWIFT_VERSION = 5.0;
				TARGETED_DEVICE_FAMILY = 4;
				WATCHOS_DEPLOYMENT_TARGET = 10.0;
			};
			name = Debug;
		};
		A1B2C3D4E5F6000A000A0004 /* Release */ = {
			isa = XCBuildConfiguration;
			buildSettings = {
				ASSETCATALOG_COMPILER_APPICON_NAME = AppIcon;
				ASSETCATALOG_COMPILER_GLOBAL_ACCENT_COLOR_NAME = AccentColor;
				CODE_SIGN_ENTITLEMENTS = WatchApp/WatchApp.entitlements;
				CODE_SIGN_STYLE = Automatic;
				CURRENT_PROJECT_VERSION = 1;
				DEVELOPMENT_ASSET_PATHS = "";
				ENABLE_PREVIEWS = YES;
				GENERATE_INFOPLIST_FILE = NO;
				INFOPLIST_FILE = WatchApp/Info.plist;
				LD_RUNPATH_SEARCH_PATHS = (
					"$(inherited)",
					"@executable_path/Frameworks",
				);
				MARKETING_VERSION = 1.0;
				PRODUCT_BUNDLE_IDENTIFIER = com.threkir.app.watchapp;
				PRODUCT_NAME = "$(TARGET_NAME)";
				SDKROOT = watchos;
				SKIP_INSTALL = YES;
				SWIFT_EMIT_LOC_STRINGS = YES;
				SWIFT_VERSION = 5.0;
				TARGETED_DEVICE_FAMILY = 4;
				WATCHOS_DEPLOYMENT_TARGET = 10.0;
			};
			name = Release;
		};
		B2C3D4E5F6A70009000B0004 /* Debug */ = {
			isa = XCBuildConfiguration;
			buildSettings = {
				ALWAYS_EMBED_SWIFT_STANDARD_LIBRARIES = YES;
				BUNDLE_LOADER = "$(TEST_HOST)";
				CODE_SIGN_STYLE = Automatic;
				CURRENT_PROJECT_VERSION = 1;
				GENERATE_INFOPLIST_FILE = YES;
				MARKETING_VERSION = 1.0;
				PRODUCT_BUNDLE_IDENTIFIER = com.threkir.app.watchapp.tests;
				PRODUCT_NAME = "$(TARGET_NAME)";
				SDKROOT = watchos;
				SWIFT_VERSION = 5.0;
				TARGETED_DEVICE_FAMILY = 4;
				TEST_HOST = "$(BUILT_PRODUCTS_DIR)/WatchApp.app/WatchApp";
				WATCHOS_DEPLOYMENT_TARGET = 10.0;
			};
			name = Debug;
		};
		B2C3D4E5F6A7000A000B0004 /* Release */ = {
			isa = XCBuildConfiguration;
			buildSettings = {
				ALWAYS_EMBED_SWIFT_STANDARD_LIBRARIES = YES;
				BUNDLE_LOADER = "$(TEST_HOST)";
				CODE_SIGN_STYLE = Automatic;
				CURRENT_PROJECT_VERSION = 1;
				GENERATE_INFOPLIST_FILE = YES;
				MARKETING_VERSION = 1.0;
				PRODUCT_BUNDLE_IDENTIFIER = com.threkir.app.watchapp.tests;
				PRODUCT_NAME = "$(TARGET_NAME)";
				SDKROOT = watchos;
				SWIFT_VERSION = 5.0;
				TARGETED_DEVICE_FAMILY = 4;
				TEST_HOST = "$(BUILT_PRODUCTS_DIR)/WatchApp.app/WatchApp";
				WATCHOS_DEPLOYMENT_TARGET = 10.0;
			};
			name = Release;
		};
		C3D4E5F6A7B80009000C0004 /* Debug */ = {
			isa = XCBuildConfiguration;
			buildSettings = {
				CODE_SIGN_ENTITLEMENTS = Complications/WatchAppComplication.entitlements;
				CODE_SIGN_STYLE = Automatic;
				CURRENT_PROJECT_VERSION = 1;
				GENERATE_INFOPLIST_FILE = NO;
				INFOPLIST_FILE = Complications/Info.plist;
				LD_RUNPATH_SEARCH_PATHS = (
					"$(inherited)",
					"@executable_path/Frameworks",
					"@executable_path/../../Frameworks",
				);
				MARKETING_VERSION = 1.0;
				PRODUCT_BUNDLE_IDENTIFIER = com.threkir.app.watchapp.complication;
				PRODUCT_NAME = "$(TARGET_NAME)";
				SDKROOT = watchos;
				SKIP_INSTALL = YES;
				SWIFT_EMIT_LOC_STRINGS = YES;
				SWIFT_VERSION = 5.0;
				TARGETED_DEVICE_FAMILY = 4;
				WATCHOS_DEPLOYMENT_TARGET = 10.0;
			};
			name = Debug;
		};
		C3D4E5F6A7B8000A000C0004 /* Release */ = {
			isa = XCBuildConfiguration;
			buildSettings = {
				CODE_SIGN_ENTITLEMENTS = Complications/WatchAppComplication.entitlements;
				CODE_SIGN_STYLE = Automatic;
				CURRENT_PROJECT_VERSION = 1;
				GENERATE_INFOPLIST_FILE = NO;
				INFOPLIST_FILE = Complications/Info.plist;
				LD_RUNPATH_SEARCH_PATHS = (
					"$(inherited)",
					"@executable_path/Frameworks",
					"@executable_path/../../Frameworks",
				);
				MARKETING_VERSION = 1.0;
				PRODUCT_BUNDLE_IDENTIFIER = com.threkir.app.watchapp.complication;
				PRODUCT_NAME = "$(TARGET_NAME)";
				SDKROOT = watchos;
				SKIP_INSTALL = YES;
				SWIFT_EMIT_LOC_STRINGS = YES;
				SWIFT_VERSION = 5.0;
				TARGETED_DEVICE_FAMILY = 4;
				WATCHOS_DEPLOYMENT_TARGET = 10.0;
			};
			name = Release;
		};
/* End XCBuildConfiguration section */

/* Begin XCConfigurationList section */
		A1B2C3D4E5F60009000A0001 /* Build configuration list for PBXProject "WatchApp" */ = {
			isa = XCConfigurationList;
			buildConfigurations = (
				A1B2C3D4E5F60009000A0002 /* Debug */,
				A1B2C3D4E5F6000A000A0002 /* Release */,
			);
			defaultConfigurationIsVisible = 0;
			defaultConfigurationName = Release;
		};
		A1B2C3D4E5F60009000A0003 /* Build configuration list for PBXNativeTarget "WatchApp" */ = {
			isa = XCConfigurationList;
			buildConfigurations = (
				A1B2C3D4E5F60009000A0004 /* Debug */,
				A1B2C3D4E5F6000A000A0004 /* Release */,
			);
			defaultConfigurationIsVisible = 0;
			defaultConfigurationName = Release;
		};
		B2C3D4E5F6A70009000B0003 /* Build configuration list for PBXNativeTarget "WatchAppTests" */ = {
			isa = XCConfigurationList;
			buildConfigurations = (
				B2C3D4E5F6A70009000B0004 /* Debug */,
				B2C3D4E5F6A7000A000B0004 /* Release */,
			);
			defaultConfigurationIsVisible = 0;
			defaultConfigurationName = Release;
		};
		C3D4E5F6A7B80009000C0003 /* Build configuration list for PBXNativeTarget "WatchAppComplication" */ = {
			isa = XCConfigurationList;
			buildConfigurations = (
				C3D4E5F6A7B80009000C0004 /* Debug */,
				C3D4E5F6A7B8000A000C0004 /* Release */,
			);
			defaultConfigurationIsVisible = 0;
			defaultConfigurationName = Release;
		};
/* End XCConfigurationList section */

	};
	rootObject = A1B2C3D4E5F60006000A0005 /* Project object */;
}
